
Microsoft Visual Studio Solution File, Format Version 12.00
# Visual Studio Version 17
VisualStudioVersion = 17.6.33829.357
MinimumVisualStudioVersion = 10.0.40219.1
Project("{FAE04EC0-301F-11D3-BF4B-00C04F79EFBC}") = "MirrorApi", "MirrorApi\MirrorApi.csproj", "{985CFCE5-41E9-40B8-9981-863BC7F40694}"
EndProject
Global
	GlobalSection(SolutionConfigurationPlatforms) = preSolution
		Debug|Any CPU = Debug|Any CPU
		Release|Any CPU = Release|Any CPU
	EndGlobalSection
	GlobalSection(ProjectConfigurationPlatforms) = postSolution
		{985CFCE5-41E9-40B8-9981-863BC7F40694}.Debug|Any CPU.ActiveCfg = Debug|Any CPU
		{985CFCE5-41E9-40B8-9981-863BC7F40694}.Debug|Any CPU.Build.0 = Debug|Any CPU
		{985CFCE5-41E9-40B8-9981-863BC7F40694}.Release|Any CPU.ActiveCfg = Release|Any CPU
		{985CFCE5-41E9-40B8-9981-863BC7F40694}.Release|Any CPU.Build.0 = Release|Any CPU
	EndGlobalSection
	GlobalSection(SolutionProperties) = preSolution
		HideSolutionNode = FALSE
	EndGlobalSection
	GlobalSection(ExtensibilityGlobals) = postSolution
		SolutionGuid = {7C764032-86FA-4CE3-9F04-7AD160837294}
	EndGlobalSection
EndGlobal
